
Microsoft Visual Studio Solution File, Format Version 12.00
# Visual Studio 15
VisualStudioVersion = 15.0.26430.13
MinimumVisualStudioVersion = 10.0.40219.1
Project("{9A19103F-16F7-4668-BE54-9A1E7A4F7556}") = "ng2-ya-table.DataSource.Demo", "src\ng2-ya-table.DataSource.Demo\ng2-ya-table.DataSource.Demo.csproj", "{2A96E203-A8DF-41B7-8FAF-705924EAAD95}"
EndProject
Project("{FAE04EC0-301F-11D3-BF4B-00C04F79EFBC}") = "ng2-ya-table.DataSource.Core", "src\ng2-ya-table.DataSource.Core\ng2-ya-table.DataSource.Core.csproj", "{BE59553A-1695-4636-BC8D-9252EC77EB9E}"
EndProject
Global
	GlobalSection(SolutionConfigurationPlatforms) = preSolution
		Debug|Any CPU = Debug|Any CPU
		Release|Any CPU = Release|Any CPU
	EndGlobalSection
	GlobalSection(ProjectConfigurationPlatforms) = postSolution
		{2A96E203-A8DF-41B7-8FAF-705924EAAD95}.Debug|Any CPU.ActiveCfg = Debug|Any CPU
		{2A96E203-A8DF-41B7-8FAF-705924EAAD95}.Debug|Any CPU.Build.0 = Debug|Any CPU
		{2A96E203-A8DF-41B7-8FAF-705924EAAD95}.Release|Any CPU.ActiveCfg = Release|Any CPU
		{2A96E203-A8DF-41B7-8FAF-705924EAAD95}.Release|Any CPU.Build.0 = Release|Any CPU
		{BE59553A-1695-4636-BC8D-9252EC77EB9E}.Debug|Any CPU.ActiveCfg = Debug|Any CPU
		{BE59553A-1695-4636-BC8D-9252EC77EB9E}.Debug|Any CPU.Build.0 = Debug|Any CPU
		{BE59553A-1695-4636-BC8D-9252EC77EB9E}.Release|Any CPU.ActiveCfg = Release|Any CPU
		{BE59553A-1695-4636-BC8D-9252EC77EB9E}.Release|Any CPU.Build.0 = Release|Any CPU
	EndGlobalSection
	GlobalSection(SolutionProperties) = preSolution
		HideSolutionNode = FALSE
	EndGlobalSection
EndGlobal
